
Microsoft Visual Studio Solution File, Format Version 12.00
# Visual Studio Version 16
VisualStudioVersion = 16.0.31515.178
MinimumVisualStudioVersion = 10.0.40219.1
Project("{9A19103F-16F7-4668-BE54-9A1E7A4F7556}") = "agentTeslaUnPacked", "AgentTesla\agentTeslaUnPacked.csproj", "{F98B71DB-1F15-4CD9-BD47-785F2F634BBD}"
EndProject
Global
	GlobalSection(SolutionConfigurationPlatforms) = preSolution
		Debug|Any CPU = Debug|Any CPU
		Release|Any CPU = Release|Any CPU
	EndGlobalSection
	GlobalSection(ProjectConfigurationPlatforms) = postSolution
		{F98B71DB-1F15-4CD9-BD47-785F2F634BBD}.Debug|Any CPU.ActiveCfg = Debug|Any CPU
		{F98B71DB-1F15-4CD9-BD47-785F2F634BBD}.Debug|Any CPU.Build.0 = Debug|Any CPU
		{F98B71DB-1F15-4CD9-BD47-785F2F634BBD}.Release|Any CPU.ActiveCfg = Release|Any CPU
		{F98B71DB-1F15-4CD9-BD47-785F2F634BBD}.Release|Any CPU.Build.0 = Release|Any CPU
	EndGlobalSection
	GlobalSection(SolutionProperties) = preSolution
		HideSolutionNode = FALSE
	EndGlobalSection
	GlobalSection(ExtensibilityGlobals) = postSolution
		SolutionGuid = {79CB72B4-9D36-42F5-A690-1BB0D5100C83}
	EndGlobalSection
EndGlobal
